
Microsoft Visual Studio Solution File, Format Version 11.00
# Visual Studio 2010
Project("{FAE04EC0-301F-11D3-BF4B-00C04F79EFBC}") = "ForgottenConnected", "Assembly-CSharp.csproj", "{B7AC23F2-9EF5-F9BF-ACEC-D191A62D907D}"
EndProject
Project("{FAE04EC0-301F-11D3-BF4B-00C04F79EFBC}") = "ForgottenConnected", "Assembly-CSharp-Editor.csproj", "{09DC8267-C69C-8F79-6151-3FB835E3A9B8}"
EndProject
Global
	GlobalSection(SolutionConfigurationPlatforms) = preSolution
		Debug|Any CPU = Debug|Any CPU
		Release|Any CPU = Release|Any CPU
	EndGlobalSection
	GlobalSection(ProjectConfigurationPlatforms) = postSolution
		{B7AC23F2-9EF5-F9BF-ACEC-D191A62D907D}.Debug|Any CPU.ActiveCfg = Debug|Any CPU
		{B7AC23F2-9EF5-F9BF-ACEC-D191A62D907D}.Debug|Any CPU.Build.0 = Debug|Any CPU
		{B7AC23F2-9EF5-F9BF-ACEC-D191A62D907D}.Release|Any CPU.ActiveCfg = Release|Any CPU
		{B7AC23F2-9EF5-F9BF-ACEC-D191A62D907D}.Release|Any CPU.Build.0 = Release|Any CPU
		{09DC8267-C69C-8F79-6151-3FB835E3A9B8}.Debug|Any CPU.ActiveCfg = Debug|Any CPU
		{09DC8267-C69C-8F79-6151-3FB835E3A9B8}.Debug|Any CPU.Build.0 = Debug|Any CPU
		{09DC8267-C69C-8F79-6151-3FB835E3A9B8}.Release|Any CPU.ActiveCfg = Release|Any CPU
		{09DC8267-C69C-8F79-6151-3FB835E3A9B8}.Release|Any CPU.Build.0 = Release|Any CPU
	EndGlobalSection
	GlobalSection(SolutionProperties) = preSolution
		HideSolutionNode = FALSE
	EndGlobalSection
	GlobalSection(MonoDevelopProperties) = preSolution
		StartupItem = Assembly-CSharp.csproj
	EndGlobalSection
EndGlobal
